
Microsoft Visual Studio Solution File, Format Version 12.00
# Visual Studio Version 16
VisualStudioVersion = 16.0.34931.43
MinimumVisualStudioVersion = 10.0.40219.1
Project("{FAE04EC0-301F-11D3-BF4B-00C04F79EFBC}") = "WindowsFormsApp1", "WindowsFormsApp1\WindowsFormsApp1.csproj", "{ADE386EB-0661-4359-B2D7-6E07A1807305}"
EndProject
Global
	GlobalSection(SolutionConfigurationPlatforms) = preSolution
		Debug|Any CPU = Debug|Any CPU
		Release|Any CPU = Release|Any CPU
	EndGlobalSection
	GlobalSection(ProjectConfigurationPlatforms) = postSolution
		{ADE386EB-0661-4359-B2D7-6E07A1807305}.Debug|Any CPU.ActiveCfg = Debug|Any CPU
		{ADE386EB-0661-4359-B2D7-6E07A1807305}.Debug|Any CPU.Build.0 = Debug|Any CPU
		{ADE386EB-0661-4359-B2D7-6E07A1807305}.Release|Any CPU.ActiveCfg = Release|Any CPU
		{ADE386EB-0661-4359-B2D7-6E07A1807305}.Release|Any CPU.Build.0 = Release|Any CPU
	EndGlobalSection
	GlobalSection(SolutionProperties) = preSolution
		HideSolutionNode = FALSE
	EndGlobalSection
	GlobalSection(ExtensibilityGlobals) = postSolution
		SolutionGuid = {86B7B60E-FA54-44B5-82EE-FF73819D2E70}
	EndGlobalSection
EndGlobal
